{
  "nodes": {
    "SSO-Auth": {
      "flake": false,
      "locked": {
        "narHash": "sha256-hCLwEvVgoiIhp/74DACizg3NgeT6zXfBVdytM4pkfxg=",
        "type": "file",
        "url": "https://github.com/9p4/jellyfin-plugin-sso/releases/download/v3.5.2.4/sso-authentication_3.5.2.4.zip"
      },
      "original": {
        "type": "file",
        "url": "https://github.com/9p4/jellyfin-plugin-sso/releases/download/v3.5.2.4/sso-authentication_3.5.2.4.zip"
      }
    },
    "ani-sync": {
      "flake": false,
      "locked": {
        "narHash": "sha256-EwZzAGEr6NBuohOa7RloreLbKR5+YbVyx64DklYuggo=",
        "type": "file",
        "url": "https://github.com/vosmiic/jellyfin-ani-sync/releases/download/v3.7/10.10.3.-.ani-sync_3.7.0.0.zip"
      },
      "original": {
        "type": "file",
        "url": "https://github.com/vosmiic/jellyfin-ani-sync/releases/download/v3.7/10.10.3.-.ani-sync_3.7.0.0.zip"
      }
    },
    "deadnix": {
      "inputs": {
        "nixpkgs": "nixpkgs",
        "utils": "utils"
      },
      "locked": {
        "lastModified": 1741534981,
        "narHash": "sha256-O/z2neAXL8JNkGosvxC+DyZnnJ8zYP9XHApxHVmlzfY=",
        "owner": "astro",
        "repo": "deadnix",
        "rev": "d75457b95d7cfa82fcd60970939f76fccfce19e5",
        "type": "github"
      },
      "original": {
        "owner": "astro",
        "repo": "deadnix",
        "type": "github"
      }
    },
    "disko": {
      "inputs": {
        "nixpkgs": [
          "nixpkgs"
        ]
      },
      "locked": {
        "lastModified": 1736864502,
        "narHash": "sha256-ItkIZyebGvNH2dK9jVGzJHGPtb6BSWLN8Gmef16NeY0=",
        "owner": "nix-community",
        "repo": "disko",
        "rev": "0141aabed359f063de7413f80d906e1d98c0c123",
        "type": "github"
      },
      "original": {
        "owner": "nix-community",
        "ref": "latest",
        "repo": "disko",
        "type": "github"
      }
    },
    "flake-compat": {
      "flake": false,
      "locked": {
        "lastModified": 1696426674,
        "narHash": "sha256-kvjfFW7WAETZlt09AgDn1MrtKzP7t90Vf7vypd3OL1U=",
        "owner": "edolstra",
        "repo": "flake-compat",
        "rev": "0f9255e01c2351cc7d116c072cb317785dd33b33",
        "type": "github"
      },
      "original": {
        "owner": "edolstra",
        "repo": "flake-compat",
        "type": "github"
      }
    },
    "flake-compat_2": {
      "flake": false,
      "locked": {
        "lastModified": 1696426674,
        "narHash": "sha256-kvjfFW7WAETZlt09AgDn1MrtKzP7t90Vf7vypd3OL1U=",
        "owner": "edolstra",
        "repo": "flake-compat",
        "rev": "0f9255e01c2351cc7d116c072cb317785dd33b33",
        "type": "github"
      },
      "original": {
        "owner": "edolstra",
        "repo": "flake-compat",
        "type": "github"
      }
    },
    "flake-parts": {
      "inputs": {
        "nixpkgs-lib": [
          "nixpkgs"
        ]
      },
      "locked": {
        "lastModified": 1743550720,
        "narHash": "sha256-hIshGgKZCgWh6AYJpJmRgFdR3WUbkY04o82X05xqQiY=",
        "owner": "hercules-ci",
        "repo": "flake-parts",
        "rev": "c621e8422220273271f52058f618c94e405bb0f5",
        "type": "github"
      },
      "original": {
        "owner": "hercules-ci",
        "repo": "flake-parts",
        "type": "github"
      }
    },
    "flake-parts_2": {
      "inputs": {
        "nixpkgs-lib": "nixpkgs-lib"
      },
      "locked": {
        "lastModified": 1743550720,
        "narHash": "sha256-hIshGgKZCgWh6AYJpJmRgFdR3WUbkY04o82X05xqQiY=",
        "owner": "hercules-ci",
        "repo": "flake-parts",
        "rev": "c621e8422220273271f52058f618c94e405bb0f5",
        "type": "github"
      },
      "original": {
        "owner": "hercules-ci",
        "repo": "flake-parts",
        "type": "github"
      }
    },
    "flake-utils": {
      "inputs": {
        "systems": [
          "systems"
        ]
      },
      "locked": {
        "lastModified": 1731533236,
        "narHash": "sha256-l0KFg5HjrsfsO/JpG+r7fRrqm12kzFHyUHqHCVpMMbI=",
        "owner": "numtide",
        "repo": "flake-utils",
        "rev": "11707dc2f618dd54ca8739b309ec4fc024de578b",
        "type": "github"
      },
      "original": {
        "owner": "numtide",
        "repo": "flake-utils",
        "type": "github"
      }
    },
    "flake-utils_2": {
      "inputs": {
        "systems": "systems_2"
      },
      "locked": {
        "lastModified": 1710146030,
        "narHash": "sha256-SZ5L6eA7HJ/nmkzGG7/ISclqe6oZdOZTNoesiInkXPQ=",
        "owner": "numtide",
        "repo": "flake-utils",
        "rev": "b1d9ab70662946ef0850d488da1c9019f3a9752a",
        "type": "github"
      },
      "original": {
        "owner": "numtide",
        "repo": "flake-utils",
        "type": "github"
      }
    },
    "flake-utils_3": {
      "inputs": {
        "systems": "systems_3"
      },
      "locked": {
        "lastModified": 1731533236,
        "narHash": "sha256-l0KFg5HjrsfsO/JpG+r7fRrqm12kzFHyUHqHCVpMMbI=",
        "owner": "numtide",
        "repo": "flake-utils",
        "rev": "11707dc2f618dd54ca8739b309ec4fc024de578b",
        "type": "github"
      },
      "original": {
        "owner": "numtide",
        "repo": "flake-utils",
        "type": "github"
      }
    },
    "gitignore": {
      "inputs": {
        "nixpkgs": [
          "pre-commit-hooks-nix",
          "nixpkgs"
        ]
      },
      "locked": {
        "lastModified": 1709087332,
        "narHash": "sha256-HG2cCnktfHsKV0s4XW83gU3F57gaTljL9KNSuG6bnQs=",
        "owner": "hercules-ci",
        "repo": "gitignore.nix",
        "rev": "637db329424fd7e46cf4185293b9cc8c88c95394",
        "type": "github"
      },
      "original": {
        "owner": "hercules-ci",
        "repo": "gitignore.nix",
        "type": "github"
      }
    },
    "home-manager": {
      "inputs": {
        "nixpkgs": [
          "nixpkgs"
        ]
      },
      "locked": {
        "lastModified": 1743948087,
        "narHash": "sha256-B6cIi2ScgVSROPPlTti6len+TdR0K25B9R3oKvbw3M8=",
        "owner": "nix-community",
        "repo": "home-manager",
        "rev": "ef3b2a6b602c3f1a80c6897d6de3ee62339a3eb7",
        "type": "github"
      },
      "original": {
        "owner": "nix-community",
        "repo": "home-manager",
        "type": "github"
      }
    },
    "impermanence": {
      "locked": {
        "lastModified": 1737831083,
        "narHash": "sha256-LJggUHbpyeDvNagTUrdhe/pRVp4pnS6wVKALS782gRI=",
        "owner": "nix-community",
        "repo": "impermanence",
        "rev": "4b3e914cdf97a5b536a889e939fb2fd2b043a170",
        "type": "github"
      },
      "original": {
        "owner": "nix-community",
        "repo": "impermanence",
        "type": "github"
      }
    },
    "jellyfin-plugins": {
      "inputs": {
        "SSO-Auth": "SSO-Auth",
        "ani-sync": "ani-sync",
        "kodisyncqueue": "kodisyncqueue",
        "nixpkgs": "nixpkgs_2"
      },
      "locked": {
        "lastModified": 1738686300,
        "narHash": "sha256-o/MCtVkmCmqNtoHE1dTgPDofBGkBqKBC9wpaLY0nnc8=",
        "owner": "Joaqim",
        "repo": "jellyfin-plugins-nix",
        "rev": "f2f144cdbc80baf2d8a16949552a61ffc21d92f2",
        "type": "github"
      },
      "original": {
        "owner": "Joaqim",
        "repo": "jellyfin-plugins-nix",
        "type": "github"
      }
    },
    "jovian": {
      "inputs": {
        "nix-github-actions": "nix-github-actions",
        "nixpkgs": "nixpkgs_3"
      },
      "locked": {
        "lastModified": 1743879910,
        "narHash": "sha256-jAr345BODeDluX6DfO3TdY7pB77olVOcYFYjxz6rPxo=",
        "owner": "Jovian-Experiments",
        "repo": "Jovian-NixOS",
        "rev": "96a7fbb4a892696ff89d3d42fc743ab5d6714222",
        "type": "github"
      },
      "original": {
        "owner": "Jovian-Experiments",
        "repo": "Jovian-NixOS",
        "type": "github"
      }
    },
    "json2steamshortcut": {
      "inputs": {
        "flake-utils": "flake-utils_2",
        "nixpkgs": "nixpkgs_4"
      },
      "locked": {
        "lastModified": 1711218459,
        "narHash": "sha256-KtkEinjtOvCW8sAhGpImDQuKbS3RcpZ7lcxjLH4sY8I=",
        "owner": "ChrisOboe",
        "repo": "json2steamshortcut",
        "rev": "7d43d5b6e198542649c712573b91f27247068aed",
        "type": "github"
      },
      "original": {
        "owner": "ChrisOboe",
        "repo": "json2steamshortcut",
        "type": "github"
      }
    },
    "kodisyncqueue": {
      "flake": false,
      "locked": {
        "narHash": "sha256-jEIVmhcoe12h/IJunpT84r6tbuJo41t9SkX+66VXZhQ=",
        "type": "file",
        "url": "https://github.com/jellyfin/jellyfin-plugin-kodisyncqueue/releases/download/v11/kodi-sync-queue_11.0.0.0.zip"
      },
      "original": {
        "type": "file",
        "url": "https://github.com/jellyfin/jellyfin-plugin-kodisyncqueue/releases/download/v11/kodi-sync-queue_11.0.0.0.zip"
      }
    },
    "nix-gaming": {
      "inputs": {
        "flake-parts": "flake-parts_2",
        "nixpkgs": "nixpkgs_5"
      },
      "locked": {
        "lastModified": 1743904111,
        "narHash": "sha256-TuH6MkwWOmuPrR0IPQee2z/RB7c+fczFkoEM26zRLgk=",
        "owner": "fufexan",
        "repo": "nix-gaming",
        "rev": "2fff10cf0e09d4a0d2b5c9379cc47accba3d3f1c",
        "type": "github"
      },
      "original": {
        "owner": "fufexan",
        "repo": "nix-gaming",
        "type": "github"
      }
    },
    "nix-github-actions": {
      "inputs": {
        "nixpkgs": [
          "jovian",
          "nixpkgs"
        ]
      },
      "locked": {
        "lastModified": 1729697500,
        "narHash": "sha256-VFTWrbzDlZyFHHb1AlKRiD/qqCJIripXKiCSFS8fAOY=",
        "owner": "zhaofengli",
        "repo": "nix-github-actions",
        "rev": "e418aeb728b6aa5ca8c5c71974e7159c2df1d8cf",
        "type": "github"
      },
      "original": {
        "owner": "zhaofengli",
        "ref": "matrix-name",
        "repo": "nix-github-actions",
        "type": "github"
      }
    },
    "nixpkgs": {
      "locked": {
        "lastModified": 1739451785,
        "narHash": "sha256-3ebRdThRic9bHMuNi2IAA/ek9b32bsy8F5R4SvGTIog=",
        "owner": "NixOS",
        "repo": "nixpkgs",
        "rev": "1128e89fd5e11bb25aedbfc287733c6502202ea9",
        "type": "github"
      },
      "original": {
        "owner": "NixOS",
        "ref": "nixpkgs-unstable",
        "repo": "nixpkgs",
        "type": "github"
      }
    },
    "nixpkgs-lib": {
      "locked": {
        "lastModified": 1743296961,
        "narHash": "sha256-b1EdN3cULCqtorQ4QeWgLMrd5ZGOjLSLemfa00heasc=",
        "owner": "nix-community",
        "repo": "nixpkgs.lib",
        "rev": "e4822aea2a6d1cdd36653c134cacfd64c97ff4fa",
        "type": "github"
      },
      "original": {
        "owner": "nix-community",
        "repo": "nixpkgs.lib",
        "type": "github"
      }
    },
    "nixpkgs_2": {
      "locked": {
        "lastModified": 1729665710,
        "narHash": "sha256-AlcmCXJZPIlO5dmFzV3V2XF6x/OpNWUV8Y/FMPGd8Z4=",
        "owner": "nixos",
        "repo": "nixpkgs",
        "rev": "2768c7d042a37de65bb1b5b3268fc987e534c49d",
        "type": "github"
      },
      "original": {
        "owner": "nixos",
        "ref": "nixos-unstable",
        "repo": "nixpkgs",
        "type": "github"
      }
    },
    "nixpkgs_3": {
      "locked": {
        "lastModified": 1743583204,
        "narHash": "sha256-F7n4+KOIfWrwoQjXrL2wD9RhFYLs2/GGe/MQY1sSdlE=",
        "owner": "NixOS",
        "repo": "nixpkgs",
        "rev": "2c8d3f48d33929642c1c12cd243df4cc7d2ce434",
        "type": "github"
      },
      "original": {
        "owner": "NixOS",
        "ref": "nixos-unstable",
        "repo": "nixpkgs",
        "type": "github"
      }
    },
    "nixpkgs_4": {
      "locked": {
        "lastModified": 1711124224,
        "narHash": "sha256-l0zlN/3CiodvWDtfBOVxeTwYSRz93muVbXWSpaMjXxM=",
        "owner": "NixOS",
        "repo": "nixpkgs",
        "rev": "56528ee42526794d413d6f244648aaee4a7b56c0",
        "type": "github"
      },
      "original": {
        "owner": "NixOS",
        "ref": "nixos-23.11",
        "repo": "nixpkgs",
        "type": "github"
      }
    },
    "nixpkgs_5": {
      "locked": {
        "lastModified": 1743689281,
        "narHash": "sha256-y7Hg5lwWhEOgflEHRfzSH96BOt26LaYfrYWzZ+VoVdg=",
        "owner": "NixOS",
        "repo": "nixpkgs",
        "rev": "2bfc080955153be0be56724be6fa5477b4eefabb",
        "type": "github"
      },
      "original": {
        "owner": "NixOS",
        "ref": "nixpkgs-unstable",
        "repo": "nixpkgs",
        "type": "github"
      }
    },
    "nixpkgs_6": {
      "locked": {
        "lastModified": 1743827369,
        "narHash": "sha256-rpqepOZ8Eo1zg+KJeWoq1HAOgoMCDloqv5r2EAa9TSA=",
        "owner": "NixOS",
        "repo": "nixpkgs",
        "rev": "42a1c966be226125b48c384171c44c651c236c22",
        "type": "github"
      },
      "original": {
        "owner": "NixOS",
        "ref": "nixos-unstable",
        "repo": "nixpkgs",
        "type": "github"
      }
    },
    "nur": {
      "inputs": {
        "flake-parts": [
          "flake-parts"
        ],
        "nixpkgs": [
          "nixpkgs"
        ],
        "treefmt-nix": "treefmt-nix"
      },
      "locked": {
        "lastModified": 1743971469,
        "narHash": "sha256-Li1fxB36Ms7pAPGm7jH08nenxWJ9tCgk07oY1qn4+us=",
        "owner": "nix-community",
        "repo": "NUR",
        "rev": "cce827369a3cc005a6e08e12569e40cae8af8630",
        "type": "github"
      },
      "original": {
        "owner": "nix-community",
        "repo": "NUR",
        "type": "github"
      }
    },
    "nvfetcher": {
      "inputs": {
        "flake-compat": "flake-compat",
        "flake-utils": "flake-utils_3",
        "nixpkgs": [
          "nixpkgs"
        ]
      },
      "locked": {
        "lastModified": 1732501185,
        "narHash": "sha256-Z0BpHelaGQsE5VD9hBsBHsvMU9h+Xt0kfkDJyFivZOU=",
        "owner": "berberman",
        "repo": "nvfetcher",
        "rev": "bdb14eab6fe9cefc29efe01e60c3a3f616d6b62a",
        "type": "github"
      },
      "original": {
        "owner": "berberman",
        "repo": "nvfetcher",
        "type": "github"
      }
    },
    "pre-commit-hooks-nix": {
      "inputs": {
        "flake-compat": "flake-compat_2",
        "gitignore": "gitignore",
        "nixpkgs": [
          "nixpkgs"
        ]
      },
      "locked": {
        "lastModified": 1742649964,
        "narHash": "sha256-DwOTp7nvfi8mRfuL1escHDXabVXFGT1VlPD1JHrtrco=",
        "owner": "cachix",
        "repo": "pre-commit-hooks.nix",
        "rev": "dcf5072734cb576d2b0c59b2ac44f5050b5eac82",
        "type": "github"
      },
      "original": {
        "owner": "cachix",
        "repo": "pre-commit-hooks.nix",
        "type": "github"
      }
    },
    "root": {
      "inputs": {
        "deadnix": "deadnix",
        "disko": "disko",
        "flake-parts": "flake-parts",
        "flake-utils": "flake-utils",
        "home-manager": "home-manager",
        "impermanence": "impermanence",
        "jellyfin-plugins": "jellyfin-plugins",
        "jovian": "jovian",
        "json2steamshortcut": "json2steamshortcut",
        "nix-gaming": "nix-gaming",
        "nixpkgs": "nixpkgs_6",
        "nur": "nur",
        "nvfetcher": "nvfetcher",
        "pre-commit-hooks-nix": "pre-commit-hooks-nix",
        "selfup": "selfup",
        "sops-nix": "sops-nix",
        "systems": "systems_4"
      }
    },
    "selfup": {
      "inputs": {
        "nixpkgs": [
          "nixpkgs"
        ]
      },
      "locked": {
        "lastModified": 1736841604,
        "narHash": "sha256-iEBjUiwg4H2eCfnPuQf+lXSsVmRHi/RvC6EE798NYy8=",
        "owner": "kachick",
        "repo": "selfup",
        "rev": "78de5a4e1c137f05d5c510c038fe868b49924c46",
        "type": "github"
      },
      "original": {
        "owner": "kachick",
        "ref": "v1.1.9",
        "repo": "selfup",
        "type": "github"
      }
    },
    "sops-nix": {
      "inputs": {
        "nixpkgs": [
          "nixpkgs"
        ]
      },
      "locked": {
        "lastModified": 1743910657,
        "narHash": "sha256-zr2jmWeWyhCD8WmO2aWov2g0WPPuZfcJDKzMJZYGq3Y=",
        "owner": "Mic92",
        "repo": "sops-nix",
        "rev": "523f58a4faff6c67f5f685bed33a7721e984c304",
        "type": "github"
      },
      "original": {
        "owner": "Mic92",
        "repo": "sops-nix",
        "type": "github"
      }
    },
    "systems": {
      "locked": {
        "lastModified": 1681028828,
        "narHash": "sha256-Vy1rq5AaRuLzOxct8nz4T6wlgyUR7zLU309k9mBC768=",
        "owner": "nix-systems",
        "repo": "default",
        "rev": "da67096a3b9bf56a91d16901293e51ba5b49a27e",
        "type": "github"
      },
      "original": {
        "owner": "nix-systems",
        "repo": "default",
        "type": "github"
      }
    },
    "systems_2": {
      "locked": {
        "lastModified": 1681028828,
        "narHash": "sha256-Vy1rq5AaRuLzOxct8nz4T6wlgyUR7zLU309k9mBC768=",
        "owner": "nix-systems",
        "repo": "default",
        "rev": "da67096a3b9bf56a91d16901293e51ba5b49a27e",
        "type": "github"
      },
      "original": {
        "owner": "nix-systems",
        "repo": "default",
        "type": "github"
      }
    },
    "systems_3": {
      "locked": {
        "lastModified": 1681028828,
        "narHash": "sha256-Vy1rq5AaRuLzOxct8nz4T6wlgyUR7zLU309k9mBC768=",
        "owner": "nix-systems",
        "repo": "default",
        "rev": "da67096a3b9bf56a91d16901293e51ba5b49a27e",
        "type": "github"
      },
      "original": {
        "owner": "nix-systems",
        "repo": "default",
        "type": "github"
      }
    },
    "systems_4": {
      "locked": {
        "lastModified": 1681028828,
        "narHash": "sha256-Vy1rq5AaRuLzOxct8nz4T6wlgyUR7zLU309k9mBC768=",
        "owner": "nix-systems",
        "repo": "default",
        "rev": "da67096a3b9bf56a91d16901293e51ba5b49a27e",
        "type": "github"
      },
      "original": {
        "owner": "nix-systems",
        "repo": "default",
        "type": "github"
      }
    },
    "treefmt-nix": {
      "inputs": {
        "nixpkgs": [
          "nur",
          "nixpkgs"
        ]
      },
      "locked": {
        "lastModified": 1733222881,
        "narHash": "sha256-JIPcz1PrpXUCbaccEnrcUS8jjEb/1vJbZz5KkobyFdM=",
        "owner": "numtide",
        "repo": "treefmt-nix",
        "rev": "49717b5af6f80172275d47a418c9719a31a78b53",
        "type": "github"
      },
      "original": {
        "owner": "numtide",
        "repo": "treefmt-nix",
        "type": "github"
      }
    },
    "utils": {
      "inputs": {
        "systems": "systems"
      },
      "locked": {
        "lastModified": 1731533236,
        "narHash": "sha256-l0KFg5HjrsfsO/JpG+r7fRrqm12kzFHyUHqHCVpMMbI=",
        "owner": "numtide",
        "repo": "flake-utils",
        "rev": "11707dc2f618dd54ca8739b309ec4fc024de578b",
        "type": "github"
      },
      "original": {
        "owner": "numtide",
        "repo": "flake-utils",
        "type": "github"
      }
    }
  },
  "root": "root",
  "version": 7
}
